// !$*UTF8*$!
{
	archiveVersion = 1;
	classes = {
	};
	objectVersion = 56;
	objects = {

/* Begin PBXBuildFile section */
		A1B2C3D4E5F6000000000011 /* ARObjectTranslatorApp.swift in Sources */ = {isa = PBXBuildFile; fileRef = A1B2C3D4E5F6000000000031 /* ARObjectTranslatorApp.swift */; };
		A1B2C3D4E5F6000000000012 /* ContentView.swift in Sources */ = {isa = PBXBuildFile; fileRef = A1B2C3D4E5F6000000000032 /* ContentView.swift */; };
		A1B2C3D4E5F6000000000013 /* SupportedLanguage.swift in Sources */ = {isa = PBXBuildFile; fileRef = A1B2C3D4E5F6000000000033 /* SupportedLanguage.swift */; };
		A1B2C3D4E5F6000000000014 /* TextRecognitionService.swift in Sources */ = {isa = PBXBuildFile; fileRef = A1B2C3D4E5F6000000000034 /* TextRecognitionService.swift */; };
		A1B2C3D4E5F6000000000015 /* TranslationService.swift in Sources */ = {isa = PBXBuildFile; fileRef = A1B2C3D4E5F6000000000035 /* TranslationService.swift */; };
		A1B2C3D4E5F6000000000016 /* ARSnapshotProviding.swift in Sources */ = {isa = PBXBuildFile; fileRef = A1B2C3D4E5F6000000000036 /* ARSnapshotProviding.swift */; };
		A1B2C3D4E5F6000000000017 /* ARViewContainer.swift in Sources */ = {isa = PBXBuildFile; fileRef = A1B2C3D4E5F6000000000037 /* ARViewContainer.swift */; };
		A1B2C3D4E5F6000000000018 /* ARTranslationViewModel.swift in Sources */ = {isa = PBXBuildFile; fileRef = A1B2C3D4E5F6000000000038 /* ARTranslationViewModel.swift */; };
		A1B2C3D4E5F6000000000019 /* SelectionOverlay.swift in Sources */ = {isa = PBXBuildFile; fileRef = A1B2C3D4E5F6000000000039 /* SelectionOverlay.swift */; };
		A1B2C3D4E5F600000000001A /* Assets.xcassets in Resources */ = {isa = PBXBuildFile; fileRef = A1B2C3D4E5F600000000003A /* Assets.xcassets */; };
/* End PBXBuildFile section */

/* Begin PBXFileReference section */
		A1B2C3D4E5F6000000000002 /* ARObjectTranslator.app */ = {isa = PBXFileReference; explicitFileType = wrapper.application; includeInIndex = 0; path = ARObjectTranslator.app; sourceTree = BUILT_PRODUCTS_DIR; };
		A1B2C3D4E5F6000000000031 /* ARObjectTranslatorApp.swift */ = {isa = PBXFileReference; lastKnownFileType = sourcecode.swift; path = ARObjectTranslatorApp.swift; sourceTree = "<group>"; };
		A1B2C3D4E5F6000000000032 /* ContentView.swift */ = {isa = PBXFileReference; lastKnownFileType = sourcecode.swift; path = ContentView.swift; sourceTree = "<group>"; };
		A1B2C3D4E5F6000000000033 /* SupportedLanguage.swift */ = {isa = PBXFileReference; lastKnownFileType = sourcecode.swift; path = SupportedLanguage.swift; sourceTree = "<group>"; };
		A1B2C3D4E5F6000000000034 /* TextRecognitionService.swift */ = {isa = PBXFileReference; lastKnownFileType = sourcecode.swift; path = TextRecognitionService.swift; sourceTree = "<group>"; };
		A1B2C3D4E5F6000000000035 /* TranslationService.swift */ = {isa = PBXFileReference; lastKnownFileType = sourcecode.swift; path = TranslationService.swift; sourceTree = "<group>"; };
		A1B2C3D4E5F6000000000036 /* ARSnapshotProviding.swift */ = {isa = PBXFileReference; lastKnownFileType = sourcecode.swift; path = ARSnapshotProviding.swift; sourceTree = "<group>"; };
		A1B2C3D4E5F6000000000037 /* ARViewContainer.swift */ = {isa = PBXFileReference; lastKnownFileType = sourcecode.swift; path = ARViewContainer.swift; sourceTree = "<group>"; };
		A1B2C3D4E5F6000000000038 /* ARTranslationViewModel.swift */ = {isa = PBXFileReference; lastKnownFileType = sourcecode.swift; path = ARTranslationViewModel.swift; sourceTree = "<group>"; };
		A1B2C3D4E5F6000000000039 /* SelectionOverlay.swift */ = {isa = PBXFileReference; lastKnownFileType = sourcecode.swift; path = SelectionOverlay.swift; sourceTree = "<group>"; };
		A1B2C3D4E5F600000000003A /* Assets.xcassets */ = {isa = PBXFileReference; lastKnownFileType = folder.assetcatalog; path = Assets.xcassets; sourceTree = "<group>"; };
		A1B2C3D4E5F600000000003B /* Info.plist */ = {isa = PBXFileReference; lastKnownFileType = text.plist.xml; path = Info.plist; sourceTree = "<group>"; };
/* End PBXFileReference section */

/* Begin PBXFrameworksBuildPhase section */
		A1B2C3D4E5F6000000000007 /* Frameworks */ = {
			isa = PBXFrameworksBuildPhase;
			buildActionMask = 2147483647;
			files = (
			);
			runOnlyForDeploymentPostprocessing = 0;
		};
/* End PBXFrameworksBuildPhase section */

/* Begin PBXGroup section */
		A1B2C3D4E5F6000000000003 = {
			isa = PBXGroup;
			children = (
				A1B2C3D4E5F6000000000020 /* ARObjectTranslator */,
				A1B2C3D4E5F6000000000004 /* Products */,
			);
			sourceTree = "<group>";
		};
		A1B2C3D4E5F6000000000004 /* Products */ = {
			isa = PBXGroup;
			children = (
				A1B2C3D4E5F6000000000002 /* ARObjectTranslator.app */,
			);
			name = Products;
			sourceTree = "<group>";
		};
		A1B2C3D4E5F6000000000020 /* ARObjectTranslator */ = {
			isa = PBXGroup;
			children = (
				A1B2C3D4E5F6000000000031 /* ARObjectTranslatorApp.swift */,
				A1B2C3D4E5F6000000000032 /* ContentView.swift */,
				A1B2C3D4E5F6000000000021 /* Models */,
				A1B2C3D4E5F6000000000022 /* Services */,
				A1B2C3D4E5F6000000000023 /* AR */,
				A1B2C3D4E5F6000000000024 /* ViewModels */,
				A1B2C3D4E5F6000000000025 /* Views */,
				A1B2C3D4E5F600000000003A /* Assets.xcassets */,
				A1B2C3D4E5F600000000003B /* Info.plist */,
			);
			path = ARObjectTranslator;
			sourceTree = "<group>";
		};
		A1B2C3D4E5F6000000000021 /* Models */ = {
			isa = PBXGroup;
			children = (
				A1B2C3D4E5F6000000000033 /* SupportedLanguage.swift */,
			);
			path = Models;
			sourceTree = "<group>";
		};
		A1B2C3D4E5F6000000000022 /* Services */ = {
			isa = PBXGroup;
			children = (
				A1B2C3D4E5F6000000000034 /* TextRecognitionService.swift */,
				A1B2C3D4E5F6000000000035 /* TranslationService.swift */,
			);
			path = Services;
			sourceTree = "<group>";
		};
		A1B2C3D4E5F6000000000023 /* AR */ = {
			isa = PBXGroup;
			children = (
				A1B2C3D4E5F6000000000036 /* ARSnapshotProviding.swift */,
				A1B2C3D4E5F6000000000037 /* ARViewContainer.swift */,
			);
			path = AR;
			sourceTree = "<group>";
		};
		A1B2C3D4E5F6000000000024 /* ViewModels */ = {
			isa = PBXGroup;
			children = (
				A1B2C3D4E5F6000000000038 /* ARTranslationViewModel.swift */,
			);
			path = ViewModels;
			sourceTree = "<group>";
		};
		A1B2C3D4E5F6000000000025 /* Views */ = {
			isa = PBXGroup;
			children = (
				A1B2C3D4E5F6000000000039 /* SelectionOverlay.swift */,
			);
			path = Views;
			sourceTree = "<group>";
		};
/* End PBXGroup section */

/* Begin PBXNativeTarget section */
		A1B2C3D4E5F6000000000001 /* ARObjectTranslator */ = {
			isa = PBXNativeTarget;
			buildConfigurationList = A1B2C3D4E5F6000000000010 /* Build configuration list for PBXNativeTarget "ARObjectTranslator" */;
			buildPhases = (
				A1B2C3D4E5F6000000000005 /* Sources */,
				A1B2C3D4E5F6000000000007 /* Frameworks */,
				A1B2C3D4E5F6000000000006 /* Resources */,
			);
			buildRules = (
			);
			dependencies = (
			);
			name = ARObjectTranslator;
			productName = ARObjectTranslator;
			productReference = A1B2C3D4E5F6000000000002 /* ARObjectTranslator.app */;
			productType = "com.apple.product-type.application";
		};
/* End PBXNativeTarget section */

/* Begin PBXProject section */
		A1B2C3D4E5F6000000000000 /* Project object */ = {
			isa = PBXProject;
			attributes = {
				BuildIndependentTargetsInParallel = 1;
				LastSwiftUpdateCheck = 1600;
				LastUpgradeCheck = 1600;
				TargetAttributes = {
					A1B2C3D4E5F6000000000001 = {
						CreatedOnToolsVersion = 16.0;
					};
				};
			};
			buildConfigurationList = A1B2C3D4E5F600000000000F /* Build configuration list for PBXProject "ARObjectTranslator" */;
			compatibilityVersion = "Xcode 14.0";
			developmentRegion = en;
			hasScannedForEncodings = 0;
			knownRegions = (
				en,
				Base,
			);
			mainGroup = A1B2C3D4E5F6000000000003;
			productRefGroup = A1B2C3D4E5F6000000000004 /* Products */;
			projectDirPath = "";
			projectRoot = "";
			targets = (
				A1B2C3D4E5F6000000000001 /* ARObjectTranslator */,
			);
		};
/* End PBXProject section */

/* Begin PBXResourcesBuildPhase section */
		A1B2C3D4E5F6000000000006 /* Resources */ = {
			isa = PBXResourcesBuildPhase;
			buildActionMask = 2147483647;
			files = (
				A1B2C3D4E5F600000000001A /* Assets.xcassets in Resources */,
			);
			runOnlyForDeploymentPostprocessing = 0;
		};
/* End PBXResourcesBuildPhase section */

/* Begin PBXSourcesBuildPhase section */
		A1B2C3D4E5F6000000000005 /* Sources */ = {
			isa = PBXSourcesBuildPhase;
			buildActionMask = 2147483647;
			files = (
				A1B2C3D4E5F6000000000011 /* ARObjectTranslatorApp.swift in Sources */,
				A1B2C3D4E5F6000000000012 /* ContentView.swift in Sources */,
				A1B2C3D4E5F6000000000013 /* SupportedLanguage.swift in Sources */,
				A1B2C3D4E5F6000000000014 /* TextRecognitionService.swift in Sources */,
				A1B2C3D4E5F6000000000015 /* TranslationService.swift in Sources */,
				A1B2C3D4E5F6000000000016 /* ARSnapshotProviding.swift in Sources */,
				A1B2C3D4E5F6000000000017 /* ARViewContainer.swift in Sources */,
				A1B2C3D4E5F6000000000018 /* ARTranslationViewModel.swift in Sources */,
				A1B2C3D4E5F6000000000019 /* SelectionOverlay.swift in Sources */,
			);
			runOnlyForDeploymentPostprocessing = 0;
		};
/* End PBXSourcesBuildPhase section */

/* Begin XCBuildConfiguration section */
		A1B2C3D4E5F600000000000B /* Debug */ = {
			isa = XCBuildConfiguration;
			buildSettings = {
				ASSETCATALOG_COMPILER_APPICON_NAME = AppIcon;
				ASSETCATALOG_COMPILER_GLOBAL_ACCENT_COLOR_NAME = AccentColor;
				CODE_SIGN_STYLE = Automatic;
				CURRENT_PROJECT_VERSION = 1;
				DEVELOPMENT_ASSET_PATHS = "\"ARObjectTranslator/Assets.xcassets/Preview Content\"";
				DEVELOPMENT_TEAM = "";
				ENABLE_PREVIEWS = YES;
				GENERATE_INFOPLIST_FILE = NO;
				INFOPLIST_FILE = ARObjectTranslator/Info.plist;
				INFOPLIST_KEY_UIApplicationSupportsIndirectInputEvents = YES;
				IPHONEOS_DEPLOYMENT_TARGET = 18.6;
				LD_RUNPATH_SEARCH_PATHS = (
					"$(inherited)",
					"@executable_path/Frameworks",
				);
				MARKETING_VERSION = 1.0;
				PRODUCT_BUNDLE_IDENTIFIER = com.example.ARObjectTranslator;
				PRODUCT_NAME = "$(TARGET_NAME)";
				SUPPORTED_PLATFORMS = "iphoneos iphonesimulator";
				SWIFT_EMIT_LOC_STRINGS = YES;
				SWIFT_VERSION = 5.0;
				TARGETED_DEVICE_FAMILY = 1;
			};
			name = Debug;
		};
		A1B2C3D4E5F600000000000C /* Release */ = {
			isa = XCBuildConfiguration;
			buildSettings = {
				ASSETCATALOG_COMPILER_APPICON_NAME = AppIcon;
				ASSETCATALOG_COMPILER_GLOBAL_ACCENT_COLOR_NAME = AccentColor;
				CODE_SIGN_STYLE = Automatic;
				CURRENT_PROJECT_VERSION = 1;
				DEVELOPMENT_ASSET_PATHS = "\"ARObjectTranslator/Assets.xcassets/Preview Content\"";
				DEVELOPMENT_TEAM = "";
				ENABLE_PREVIEWS = YES;
				GENERATE_INFOPLIST_FILE = NO;
				INFOPLIST_FILE = ARObjectTranslator/Info.plist;
				INFOPLIST_KEY_UIApplicationSupportsIndirectInputEvents = YES;
				IPHONEOS_DEPLOYMENT_TARGET = 18.6;
				LD_RUNPATH_SEARCH_PATHS = (
					"$(inherited)",
					"@executable_path/Frameworks",
				);
				MARKETING_VERSION = 1.0;
				PRODUCT_BUNDLE_IDENTIFIER = com.example.ARObjectTranslator;
				PRODUCT_NAME = "$(TARGET_NAME)";
				SUPPORTED_PLATFORMS = "iphoneos iphonesimulator";
				SWIFT_EMIT_LOC_STRINGS = YES;
				SWIFT_VERSION = 5.0;
				TARGETED_DEVICE_FAMILY = 1;
			};
			name = Release;
		};
		A1B2C3D4E5F600000000000D /* Debug */ = {
			isa = XCBuildConfiguration;
			buildSettings = {
				ALWAYS_SEARCH_USER_PATHS = NO;
				CLANG_ENABLE_MODULES = YES;
				CLANG_ENABLE_OBJC_ARC = YES;
				COPY_PHASE_STRIP = NO;
				DEBUG_INFORMATION_FORMAT = dwarf;
				ENABLE_STRICT_OBJC_MSGSEND = YES;
				ENABLE_TESTABILITY = YES;
				GCC_C_LANGUAGE_STANDARD = gnu17;
				GCC_DYNAMIC_NO_PIC = NO;
				GCC_NO_COMMON_BLOCKS = YES;
				GCC_OPTIMIZATION_LEVEL = 0;
				GCC_PREPROCESSOR_DEFINITIONS = (
					"DEBUG=1",
					"$(inherited)",
				);
				IPHONEOS_DEPLOYMENT_TARGET = 17.0;
				MTL_ENABLE_DEBUG_INFO = INCLUDE_SOURCE;
				SDKROOT = iphoneos;
				SWIFT_ACTIVE_COMPILATION_CONDITIONS = "DEBUG $(inherited)";
				SWIFT_OPTIMIZATION_LEVEL = "-Onone";
			};
			name = Debug;
		};
		A1B2C3D4E5F600000000000E /* Release */ = {
			isa = XCBuildConfiguration;
			buildSettings = {
				ALWAYS_SEARCH_USER_PATHS = NO;
				CLANG_ENABLE_MODULES = YES;
				CLANG_ENABLE_OBJC_ARC = YES;
				COPY_PHASE_STRIP = NO;
				DEBUG_INFORMATION_FORMAT = "dwarf-with-dsym";
				ENABLE_NS_ASSERTIONS = NO;
				ENABLE_STRICT_OBJC_MSGSEND = YES;
				GCC_C_LANGUAGE_STANDARD = gnu17;
				GCC_NO_COMMON_BLOCKS = YES;
				IPHONEOS_DEPLOYMENT_TARGET = 17.0;
				MTL_ENABLE_DEBUG_INFO = NO;
				SDKROOT = iphoneos;
				SWIFT_COMPILATION_MODE = wholemodule;
				VALIDATE_PRODUCT = YES;
			};
			name = Release;
		};
/* End XCBuildConfiguration section */

/* Begin XCConfigurationList section */
		A1B2C3D4E5F600000000000F /* Build configuration list for PBXProject "ARObjectTranslator" */ = {
			isa = XCConfigurationList;
			buildConfigurations = (
				A1B2C3D4E5F600000000000D /* Debug */,
				A1B2C3D4E5F600000000000E /* Release */,
			);
			defaultConfigurationIsVisible = 0;
			defaultConfigurationName = Release;
		};
		A1B2C3D4E5F6000000000010 /* Build configuration list for PBXNativeTarget "ARObjectTranslator" */ = {
			isa = XCConfigurationList;
			buildConfigurations = (
				A1B2C3D4E5F600000000000B /* Debug */,
				A1B2C3D4E5F600000000000C /* Release */,
			);
			defaultConfigurationIsVisible = 0;
			defaultConfigurationName = Release;
		};
/* End XCConfigurationList section */
	};
	rootObject = A1B2C3D4E5F6000000000000 /* Project object */;
}
